// !$*UTF8*$!
{
	archiveVersion = 1;
	classes = {
	};
	objectVersion = 46;
	objects = {

/* Begin PBXBuildFile section */
		54B0118C1D901660002AF597 /* AppDelegate.swift in Sources */ = {isa = PBXBuildFile; fileRef = 54B0118B1D901660002AF597 /* AppDelegate.swift */; };
		54B0118F1D901660002AF597 /* ViewController.swift in Sources */ = {isa = PBXBuildFile; fileRef = 54B0118E1D901660002AF597 /* ViewController.swift */; };
		54B011921D901660002AF597 /* Main.storyboard in Resources */ = {isa = PBXBuildFile; fileRef = 54B011901D901660002AF597 /* Main.storyboard */; };
		54B011941D901660002AF597 /* Assets.xcassets in Resources */ = {isa = PBXBuildFile; fileRef = 54B011931D901660002AF597 /* Assets.xcassets */; };
		54B011971D901660002AF597 /* LaunchScreen.storyboard in Resources */ = {isa = PBXBuildFile; fileRef = 54B011951D901660002AF597 /* LaunchScreen.storyboard */; };
		54B011A81D9018A4002AF597 /* AVFoundation.framework in Frameworks */ = {isa = PBXBuildFile; fileRef = 54B011A71D9018A4002AF597 /* AVFoundation.framework */; };
		54B011AA1D9018AE002AF597 /* CoreTelephony.framework in Frameworks */ = {isa = PBXBuildFile; fileRef = 54B011A91D9018AE002AF597 /* CoreTelephony.framework */; };
		54B011AC1D9018B5002AF597 /* CoreMotion.framework in Frameworks */ = {isa = PBXBuildFile; fileRef = 54B011AB1D9018B5002AF597 /* CoreMotion.framework */; };
		54B011AE1D9018BD002AF597 /* SystemConfiguration.framework in Frameworks */ = {isa = PBXBuildFile; fileRef = 54B011AD1D9018BD002AF597 /* SystemConfiguration.framework */; };
		54B011B01D9018C3002AF597 /* CoreGraphics.framework in Frameworks */ = {isa = PBXBuildFile; fileRef = 54B011AF1D9018C3002AF597 /* CoreGraphics.framework */; };
		54B011B21D9018CB002AF597 /* UIKit.framework in Frameworks */ = {isa = PBXBuildFile; fileRef = 54B011B11D9018CB002AF597 /* UIKit.framework */; };
		54B011BC1D902CA9002AF597 /* CoreMedia.framework in Frameworks */ = {isa = PBXBuildFile; fileRef = 54B011BB1D902CA9002AF597 /* CoreMedia.framework */; };
		54B011C11D9110F5002AF597 /* UIViewController+DefaultAlertController.swift in Sources */ = {isa = PBXBuildFile; fileRef = 54B011C01D9110F5002AF597 /* UIViewController+DefaultAlertController.swift */; };
		54B011C41D911199002AF597 /* UIAlertAction+DefaultAction.swift in Sources */ = {isa = PBXBuildFile; fileRef = 54B011C31D911199002AF597 /* UIAlertAction+DefaultAction.swift */; };
		71A1D49F20FF88040082B09F /* Instabug.framework in Frameworks */ = {isa = PBXBuildFile; fileRef = 71A1D49E20FF88040082B09F /* Instabug.framework */; };
		71A1D4A020FF88040082B09F /* Instabug.framework in Embed Frameworks */ = {isa = PBXBuildFile; fileRef = 71A1D49E20FF88040082B09F /* Instabug.framework */; settings = {ATTRIBUTES = (CodeSignOnCopy, RemoveHeadersOnCopy, ); }; };
		71EB748D20EB9B0300C3918F /* SettingsTableViewController.swift in Sources */ = {isa = PBXBuildFile; fileRef = 71EB748C20EB9B0300C3918F /* SettingsTableViewController.swift */; };
/* End PBXBuildFile section */

/* Begin PBXCopyFilesBuildPhase section */
		71A1D49420FF7E5A0082B09F /* Embed Frameworks */ = {
			isa = PBXCopyFilesBuildPhase;
			buildActionMask = 2147483647;
			dstPath = "";
			dstSubfolderSpec = 10;
			files = (
				71A1D4A020FF88040082B09F /* Instabug.framework in Embed Frameworks */,
			);
			name = "Embed Frameworks";
			runOnlyForDeploymentPostprocessing = 0;
		};
/* End PBXCopyFilesBuildPhase section */

/* Begin PBXFileReference section */
		54B011841D901660002AF597 /* Instabug Demo.app */ = {isa = PBXFileReference; explicitFileType = wrapper.application; includeInIndex = 0; path = "Instabug Demo.app"; sourceTree = BUILT_PRODUCTS_DIR; };
		54B0118B1D901660002AF597 /* AppDelegate.swift */ = {isa = PBXFileReference; lastKnownFileType = sourcecode.swift; path = AppDelegate.swift; sourceTree = "<group>"; };
		54B0118E1D901660002AF597 /* ViewController.swift */ = {isa = PBXFileReference; lastKnownFileType = sourcecode.swift; path = ViewController.swift; sourceTree = "<group>"; };
		54B011911D901660002AF597 /* Base */ = {isa = PBXFileReference; lastKnownFileType = file.storyboard; name = Base; path = Base.lproj/Main.storyboard; sourceTree = "<group>"; };
		54B011931D901660002AF597 /* Assets.xcassets */ = {isa = PBXFileReference; lastKnownFileType = folder.assetcatalog; path = Assets.xcassets; sourceTree = "<group>"; };
		54B011961D901660002AF597 /* Base */ = {isa = PBXFileReference; lastKnownFileType = file.storyboard; name = Base; path = Base.lproj/LaunchScreen.storyboard; sourceTree = "<group>"; };
		54B011981D901660002AF597 /* Info.plist */ = {isa = PBXFileReference; lastKnownFileType = text.plist.xml; path = Info.plist; sourceTree = "<group>"; };
		54B011A71D9018A4002AF597 /* AVFoundation.framework */ = {isa = PBXFileReference; lastKnownFileType = wrapper.framework; name = AVFoundation.framework; path = System/Library/Frameworks/AVFoundation.framework; sourceTree = SDKROOT; };
		54B011A91D9018AE002AF597 /* CoreTelephony.framework */ = {isa = PBXFileReference; lastKnownFileType = wrapper.framework; name = CoreTelephony.framework; path = System/Library/Frameworks/CoreTelephony.framework; sourceTree = SDKROOT; };
		54B011AB1D9018B5002AF597 /* CoreMotion.framework */ = {isa = PBXFileReference; lastKnownFileType = wrapper.framework; name = CoreMotion.framework; path = System/Library/Frameworks/CoreMotion.framework; sourceTree = SDKROOT; };
		54B011AD1D9018BD002AF597 /* SystemConfiguration.framework */ = {isa = PBXFileReference; lastKnownFileType = wrapper.framework; name = SystemConfiguration.framework; path = System/Library/Frameworks/SystemConfiguration.framework; sourceTree = SDKROOT; };
		54B011AF1D9018C3002AF597 /* CoreGraphics.framework */ = {isa = PBXFileReference; lastKnownFileType = wrapper.framework; name = CoreGraphics.framework; path = System/Library/Frameworks/CoreGraphics.framework; sourceTree = SDKROOT; };
		54B011B11D9018CB002AF597 /* UIKit.framework */ = {isa = PBXFileReference; lastKnownFileType = wrapper.framework; name = UIKit.framework; path = System/Library/Frameworks/UIKit.framework; sourceTree = SDKROOT; };
		54B011BB1D902CA9002AF597 /* CoreMedia.framework */ = {isa = PBXFileReference; lastKnownFileType = wrapper.framework; name = CoreMedia.framework; path = System/Library/Frameworks/CoreMedia.framework; sourceTree = SDKROOT; };
		54B011C01D9110F5002AF597 /* UIViewController+DefaultAlertController.swift */ = {isa = PBXFileReference; fileEncoding = 4; lastKnownFileType = sourcecode.swift; path = "UIViewController+DefaultAlertController.swift"; sourceTree = "<group>"; };
		54B011C31D911199002AF597 /* UIAlertAction+DefaultAction.swift */ = {isa = PBXFileReference; fileEncoding = 4; lastKnownFileType = sourcecode.swift; path = "UIAlertAction+DefaultAction.swift"; sourceTree = "<group>"; };
		71A1D48C20FF7DF70082B09F /* Instabug.framework */ = {isa = PBXFileReference; lastKnownFileType = wrapper.framework; name = Instabug.framework; path = "../../../Downloads/Instabug/Instabug-SDK/Instabug.framework"; sourceTree = "<group>"; };
		71A1D49E20FF88040082B09F /* Instabug.framework */ = {isa = PBXFileReference; lastKnownFileType = wrapper.framework; name = Instabug.framework; path = ../../Instabug.framework; sourceTree = "<group>"; };
		71EB748C20EB9B0300C3918F /* SettingsTableViewController.swift */ = {isa = PBXFileReference; lastKnownFileType = sourcecode.swift; path = SettingsTableViewController.swift; sourceTree = "<group>"; };
/* End PBXFileReference section */

/* Begin PBXFrameworksBuildPhase section */
		54B011811D901660002AF597 /* Frameworks */ = {
			isa = PBXFrameworksBuildPhase;
			buildActionMask = 2147483647;
			files = (
				54B011BC1D902CA9002AF597 /* CoreMedia.framework in Frameworks */,
				54B011B21D9018CB002AF597 /* UIKit.framework in Frameworks */,
				54B011B01D9018C3002AF597 /* CoreGraphics.framework in Frameworks */,
				71A1D49F20FF88040082B09F /* Instabug.framework in Frameworks */,
				54B011AE1D9018BD002AF597 /* SystemConfiguration.framework in Frameworks */,
				54B011AC1D9018B5002AF597 /* CoreMotion.framework in Frameworks */,
				54B011AA1D9018AE002AF597 /* CoreTelephony.framework in Frameworks */,
				54B011A81D9018A4002AF597 /* AVFoundation.framework in Frameworks */,
			);
			runOnlyForDeploymentPostprocessing = 0;
		};
/* End PBXFrameworksBuildPhase section */

/* Begin PBXGroup section */
		541FA2741DC888600037AA01 /* Instabug */ = {
			isa = PBXGroup;
			children = (
				71A1D49E20FF88040082B09F /* Instabug.framework */,
			);
			name = Instabug;
			sourceTree = "<group>";
		};
		54B0117B1D901660002AF597 = {
			isa = PBXGroup;
			children = (
				54B011861D901660002AF597 /* Instabug Demo */,
				54B011851D901660002AF597 /* Products */,
				54B011A61D9018A4002AF597 /* Frameworks */,
			);
			sourceTree = "<group>";
		};
		54B011851D901660002AF597 /* Products */ = {
			isa = PBXGroup;
			children = (
				54B011841D901660002AF597 /* Instabug Demo.app */,
			);
			name = Products;
			sourceTree = "<group>";
		};
		54B011861D901660002AF597 /* Instabug Demo */ = {
			isa = PBXGroup;
			children = (
				541FA2741DC888600037AA01 /* Instabug */,
				54B011BE1D9110BD002AF597 /* Support */,
				54B0118B1D901660002AF597 /* AppDelegate.swift */,
				54B0118E1D901660002AF597 /* ViewController.swift */,
				71EB748C20EB9B0300C3918F /* SettingsTableViewController.swift */,
				54B011901D901660002AF597 /* Main.storyboard */,
				54B011931D901660002AF597 /* Assets.xcassets */,
				54B011951D901660002AF597 /* LaunchScreen.storyboard */,
				54B011981D901660002AF597 /* Info.plist */,
				54B011871D901660002AF597 /* Supporting Files */,
			);
			path = "Instabug Demo";
			sourceTree = "<group>";
		};
		54B011871D901660002AF597 /* Supporting Files */ = {
			isa = PBXGroup;
			children = (
			);
			name = "Supporting Files";
			sourceTree = "<group>";
		};
		54B011A61D9018A4002AF597 /* Frameworks */ = {
			isa = PBXGroup;
			children = (
				71A1D48C20FF7DF70082B09F /* Instabug.framework */,
				54B011BB1D902CA9002AF597 /* CoreMedia.framework */,
				54B011B11D9018CB002AF597 /* UIKit.framework */,
				54B011AF1D9018C3002AF597 /* CoreGraphics.framework */,
				54B011AD1D9018BD002AF597 /* SystemConfiguration.framework */,
				54B011AB1D9018B5002AF597 /* CoreMotion.framework */,
				54B011A91D9018AE002AF597 /* CoreTelephony.framework */,
				54B011A71D9018A4002AF597 /* AVFoundation.framework */,
			);
			name = Frameworks;
			sourceTree = "<group>";
		};
		54B011BE1D9110BD002AF597 /* Support */ = {
			isa = PBXGroup;
			children = (
				54B011C01D9110F5002AF597 /* UIViewController+DefaultAlertController.swift */,
				54B011C31D911199002AF597 /* UIAlertAction+DefaultAction.swift */,
			);
			path = Support;
			sourceTree = "<group>";
		};
/* End PBXGroup section */

/* Begin PBXNativeTarget section */
		54B011831D901660002AF597 /* Instabug Demo */ = {
			isa = PBXNativeTarget;
			buildConfigurationList = 54B0119B1D901660002AF597 /* Build configuration list for PBXNativeTarget "Instabug Demo" */;
			buildPhases = (
				54B011801D901660002AF597 /* Sources */,
				54B011811D901660002AF597 /* Frameworks */,
				54B011821D901660002AF597 /* Resources */,
				71A1D49420FF7E5A0082B09F /* Embed Frameworks */,
			);
			buildRules = (
			);
			dependencies = (
			);
			name = "Instabug Demo";
			productName = "Instabug Demo";
			productReference = 54B011841D901660002AF597 /* Instabug Demo.app */;
			productType = "com.apple.product-type.application";
		};
/* End PBXNativeTarget section */

/* Begin PBXProject section */
		54B0117C1D901660002AF597 /* Project object */ = {
			isa = PBXProject;
			attributes = {
				LastUpgradeCheck = 0930;
				ORGANIZATIONNAME = Instabug;
				TargetAttributes = {
					54B011831D901660002AF597 = {
						CreatedOnToolsVersion = 8.0;
						ProvisioningStyle = Automatic;
					};
				};
			};
			buildConfigurationList = 54B0117F1D901660002AF597 /* Build configuration list for PBXProject "Instabug Demo" */;
			compatibilityVersion = "Xcode 3.2";
			developmentRegion = English;
			hasScannedForEncodings = 0;
			knownRegions = (
				English,
				en,
				Base,
			);
			mainGroup = 54B0117B1D901660002AF597;
			productRefGroup = 54B011851D901660002AF597 /* Products */;
			projectDirPath = "";
			projectRoot = "";
			targets = (
				54B011831D901660002AF597 /* Instabug Demo */,
			);
		};
/* End PBXProject section */

/* Begin PBXResourcesBuildPhase section */
		54B011821D901660002AF597 /* Resources */ = {
			isa = PBXResourcesBuildPhase;
			buildActionMask = 2147483647;
			files = (
				54B011971D901660002AF597 /* LaunchScreen.storyboard in Resources */,
				54B011941D901660002AF597 /* Assets.xcassets in Resources */,
				54B011921D901660002AF597 /* Main.storyboard in Resources */,
			);
			runOnlyForDeploymentPostprocessing = 0;
		};
/* End PBXResourcesBuildPhase section */

/* Begin PBXSourcesBuildPhase section */
		54B011801D901660002AF597 /* Sources */ = {
			isa = PBXSourcesBuildPhase;
			buildActionMask = 2147483647;
			files = (
				54B011C41D911199002AF597 /* UIAlertAction+DefaultAction.swift in Sources */,
				71EB748D20EB9B0300C3918F /* SettingsTableViewController.swift in Sources */,
				54B0118F1D901660002AF597 /* ViewController.swift in Sources */,
				54B011C11D9110F5002AF597 /* UIViewController+DefaultAlertController.swift in Sources */,
				54B0118C1D901660002AF597 /* AppDelegate.swift in Sources */,
			);
			runOnlyForDeploymentPostprocessing = 0;
		};
/* End PBXSourcesBuildPhase section */

/* Begin PBXVariantGroup section */
		54B011901D901660002AF597 /* Main.storyboard */ = {
			isa = PBXVariantGroup;
			children = (
				54B011911D901660002AF597 /* Base */,
			);
			name = Main.storyboard;
			sourceTree = "<group>";
		};
		54B011951D901660002AF597 /* LaunchScreen.storyboard */ = {
			isa = PBXVariantGroup;
			children = (
				54B011961D901660002AF597 /* Base */,
			);
			name = LaunchScreen.storyboard;
			sourceTree = "<group>";
		};
/* End PBXVariantGroup section */

/* Begin XCBuildConfiguration section */
		54B011991D901660002AF597 /* Debug */ = {
			isa = XCBuildConfiguration;
			buildSettings = {
				ALWAYS_SEARCH_USER_PATHS = NO;
				CLANG_ANALYZER_NONNULL = YES;
				CLANG_CXX_LANGUAGE_STANDARD = "gnu++0x";
				CLANG_CXX_LIBRARY = "libc++";
				CLANG_ENABLE_MODULES = YES;
				CLANG_ENABLE_OBJC_ARC = YES;
				CLANG_WARN_BLOCK_CAPTURE_AUTORELEASING = YES;
				CLANG_WARN_BOOL_CONVERSION = YES;
				CLANG_WARN_COMMA = YES;
				CLANG_WARN_CONSTANT_CONVERSION = YES;
				CLANG_WARN_DEPRECATED_OBJC_IMPLEMENTATIONS = YES;
				CLANG_WARN_DIRECT_OBJC_ISA_USAGE = YES_ERROR;
				CLANG_WARN_DOCUMENTATION_COMMENTS = YES;
				CLANG_WARN_EMPTY_BODY = YES;
				CLANG_WARN_ENUM_CONVERSION = YES;
				CLANG_WARN_INFINITE_RECURSION = YES;
				CLANG_WARN_INT_CONVERSION = YES;
				CLANG_WARN_NON_LITERAL_NULL_CONVERSION = YES;
				CLANG_WARN_OBJC_IMPLICIT_RETAIN_SELF = YES;
				CLANG_WARN_OBJC_LITERAL_CONVERSION = YES;
				CLANG_WARN_OBJC_ROOT_CLASS = YES_ERROR;
				CLANG_WARN_RANGE_LOOP_ANALYSIS = YES;
				CLANG_WARN_STRICT_PROTOTYPES = YES;
				CLANG_WARN_SUSPICIOUS_MOVE = YES;
				CLANG_WARN_SUSPICIOUS_MOVES = YES;
				CLANG_WARN_UNREACHABLE_CODE = YES;
				CLANG_WARN__DUPLICATE_METHOD_MATCH = YES;
				"CODE_SIGN_IDENTITY[sdk=iphoneos*]" = "iPhone Developer";
				COPY_PHASE_STRIP = NO;
				DEBUG_INFORMATION_FORMAT = dwarf;
				ENABLE_STRICT_OBJC_MSGSEND = YES;
				ENABLE_TESTABILITY = YES;
				GCC_C_LANGUAGE_STANDARD = gnu99;
				GCC_DYNAMIC_NO_PIC = NO;
				GCC_NO_COMMON_BLOCKS = YES;
				GCC_OPTIMIZATION_LEVEL = 0;
				GCC_PREPROCESSOR_DEFINITIONS = (
					"DEBUG=1",
					"$(inherited)",
				);
				GCC_WARN_64_TO_32_BIT_CONVERSION = YES;
				GCC_WARN_ABOUT_RETURN_TYPE = YES_ERROR;
				GCC_WARN_UNDECLARED_SELECTOR = YES;
				GCC_WARN_UNINITIALIZED_AUTOS = YES_AGGRESSIVE;
				GCC_WARN_UNUSED_FUNCTION = YES;
				GCC_WARN_UNUSED_VARIABLE = YES;
				IPHONEOS_DEPLOYMENT_TARGET = 8.0;
				MTL_ENABLE_DEBUG_INFO = YES;
				ONLY_ACTIVE_ARCH = YES;
				SDKROOT = iphoneos;
				SWIFT_VERSION = 4.2;
				TARGETED_DEVICE_FAMILY = "1,2";
			};
			name = Debug;
		};
		54B0119A1D901660002AF597 /* Release */ = {
			isa = XCBuildConfiguration;
			buildSettings = {
				ALWAYS_SEARCH_USER_PATHS = NO;
				CLANG_ANALYZER_NONNULL = YES;
				CLANG_CXX_LANGUAGE_STANDARD = "gnu++0x";
				CLANG_CXX_LIBRARY = "libc++";
				CLANG_ENABLE_MODULES = YES;
				CLANG_ENABLE_OBJC_ARC = YES;
				CLANG_WARN_BLOCK_CAPTURE_AUTORELEASING = YES;
				CLANG_WARN_BOOL_CONVERSION = YES;
				CLANG_WARN_COMMA = YES;
				CLANG_WARN_CONSTANT_CONVERSION = YES;
				CLANG_WARN_DEPRECATED_OBJC_IMPLEMENTATIONS = YES;
				CLANG_WARN_DIRECT_OBJC_ISA_USAGE = YES_ERROR;
				CLANG_WARN_DOCUMENTATION_COMMENTS = YES;
				CLANG_WARN_EMPTY_BODY = YES;
				CLANG_WARN_ENUM_CONVERSION = YES;
				CLANG_WARN_INFINITE_RECURSION = YES;
				CLANG_WARN_INT_CONVERSION = YES;
				CLANG_WARN_NON_LITERAL_NULL_CONVERSION = YES;
				CLANG_WARN_OBJC_IMPLICIT_RETAIN_SELF = YES;
				CLANG_WARN_OBJC_LITERAL_CONVERSION = YES;
				CLANG_WARN_OBJC_ROOT_CLASS = YES_ERROR;
				CLANG_WARN_RANGE_LOOP_ANALYSIS = YES;
				CLANG_WARN_STRICT_PROTOTYPES = YES;
				CLANG_WARN_SUSPICIOUS_MOVE = YES;
				CLANG_WARN_SUSPICIOUS_MOVES = YES;
				CLANG_WARN_UNREACHABLE_CODE = YES;
				CLANG_WARN__DUPLICATE_METHOD_MATCH = YES;
				"CODE_SIGN_IDENTITY[sdk=iphoneos*]" = "iPhone Developer";
				COPY_PHASE_STRIP = NO;
				DEBUG_INFORMATION_FORMAT = "dwarf-with-dsym";
				ENABLE_NS_ASSERTIONS = NO;
				ENABLE_STRICT_OBJC_MSGSEND = YES;
				GCC_C_LANGUAGE_STANDARD = gnu99;
				GCC_NO_COMMON_BLOCKS = YES;
				GCC_WARN_64_TO_32_BIT_CONVERSION = YES;
				GCC_WARN_ABOUT_RETURN_TYPE = YES_ERROR;
				GCC_WARN_UNDECLARED_SELECTOR = YES;
				GCC_WARN_UNINITIALIZED_AUTOS = YES_AGGRESSIVE;
				GCC_WARN_UNUSED_FUNCTION = YES;
				GCC_WARN_UNUSED_VARIABLE = YES;
				IPHONEOS_DEPLOYMENT_TARGET = 8.0;
				MTL_ENABLE_DEBUG_INFO = NO;
				SDKROOT = iphoneos;
				SWIFT_COMPILATION_MODE = wholemodule;
				SWIFT_VERSION = 4.2;
				TARGETED_DEVICE_FAMILY = "1,2";
				VALIDATE_PRODUCT = YES;
			};
			name = Release;
		};
		54B0119C1D901660002AF597 /* Debug */ = {
			isa = XCBuildConfiguration;
			buildSettings = {
				ASSETCATALOG_COMPILER_APPICON_NAME = AppIcon;
				CODE_SIGN_IDENTITY = "iPhone Developer";
				CODE_SIGN_STYLE = Automatic;
				DEVELOPMENT_TEAM = "";
				FRAMEWORK_SEARCH_PATHS = (
					"$(inherited)",
					"$(SRCROOT)/../",
					"$(PROJECT_DIR)/Instabug\\ Demo",
					"$(PROJECT_DIR)/Instabug\\ Demo",
					"$(PROJECT_DIR)",
				);
				INFOPLIST_FILE = "Instabug Demo/Info.plist";
				IPHONEOS_DEPLOYMENT_TARGET = 9.0;
				LD_RUNPATH_SEARCH_PATHS = "$(inherited) @executable_path/Frameworks";
				PRODUCT_BUNDLE_IDENTIFIER = "com.instabug.demo.Instabug-Demo";
				PRODUCT_NAME = "$(TARGET_NAME)";
				PROVISIONING_PROFILE_SPECIFIER = "";
				SWIFT_VERSION = 4.2;
			};
			name = Debug;
		};
		54B0119D1D901660002AF597 /* Release */ = {
			isa = XCBuildConfiguration;
			buildSettings = {
				ASSETCATALOG_COMPILER_APPICON_NAME = AppIcon;
				CODE_SIGN_IDENTITY = "iPhone Developer";
				CODE_SIGN_STYLE = Automatic;
				DEVELOPMENT_TEAM = "";
				FRAMEWORK_SEARCH_PATHS = (
					"$(inherited)",
					"$(SRCROOT)/../",
					"$(PROJECT_DIR)/Instabug\\ Demo",
					"$(PROJECT_DIR)/Instabug\\ Demo",
					"$(PROJECT_DIR)",
				);
				INFOPLIST_FILE = "Instabug Demo/Info.plist";
				IPHONEOS_DEPLOYMENT_TARGET = 9.0;
				LD_RUNPATH_SEARCH_PATHS = "$(inherited) @executable_path/Frameworks";
				PRODUCT_BUNDLE_IDENTIFIER = "com.instabug.demo.Instabug-Demo";
				PRODUCT_NAME = "$(TARGET_NAME)";
				PROVISIONING_PROFILE_SPECIFIER = "";
				SWIFT_VERSION = 4.2;
			};
			name = Release;
		};
/* End XCBuildConfiguration section */

/* Begin XCConfigurationList section */
		54B0117F1D901660002AF597 /* Build configuration list for PBXProject "Instabug Demo" */ = {
			isa = XCConfigurationList;
			buildConfigurations = (
				54B011991D901660002AF597 /* Debug */,
				54B0119A1D901660002AF597 /* Release */,
			);
			defaultConfigurationIsVisible = 0;
			defaultConfigurationName = Release;
		};
		54B0119B1D901660002AF597 /* Build configuration list for PBXNativeTarget "Instabug Demo" */ = {
			isa = XCConfigurationList;
			buildConfigurations = (
				54B0119C1D901660002AF597 /* Debug */,
				54B0119D1D901660002AF597 /* Release */,
			);
			defaultConfigurationIsVisible = 0;
			defaultConfigurationName = Release;
		};
/* End XCConfigurationList section */
	};
	rootObject = 54B0117C1D901660002AF597 /* Project object */;
}
